{
  "lib/dss-allocator": {
    "rev": "226584d3b179d98025497815adb4ea585ea0102d"
  },
  "lib/forge-std": {
    "rev": "e45888667c1d54d4db1b988a31aa8a9e4628ed5d"
  },
  "lib/keel-address-registry": {
    "rev": "5871e2b7db3b6c34130043498c7590b5d7560a14"
  },
  "lib/keel-alm-controller": {
    "rev": "8d06c0dffc0310b6f6e1d243077408d060589635"
  },
  "lib/xchain-helpers": {
    "rev": "33baf1e96833cb0d1de0ca57c115459b76565fd4"
  }
}